// !$*UTF8*$!
{
	archiveVersion = 1;
	classes = {
	};
	objectVersion = 77;
	objects = {

/* Begin PBXBuildFile section */
		35A7C41A2CF91B4200D0B887 /* Localizable.xcstrings in Resources */ = {isa = PBXBuildFile; fileRef = 35A7C4192CF91B4200D0B887 /* Localizable.xcstrings */; };
/* End PBXBuildFile section */

/* Begin PBXContainerItemProxy section */
		357A4A602CF7A85200A8C77B /* PBXContainerItemProxy */ = {
			isa = PBXContainerItemProxy;
			containerPortal = 357A4A452CF7A85000A8C77B /* Project object */;
			proxyType = 1;
			remoteGlobalIDString = 357A4A4C2CF7A85000A8C77B;
			remoteInfo = GitHubProfilesApp;
		};
		357A4A6A2CF7A85200A8C77B /* PBXContainerItemProxy */ = {
			isa = PBXContainerItemProxy;
			containerPortal = 357A4A452CF7A85000A8C77B /* Project object */;
			proxyType = 1;
			remoteGlobalIDString = 357A4A4C2CF7A85000A8C77B;
			remoteInfo = GitHubProfilesApp;
		};
/* End PBXContainerItemProxy section */

/* Begin PBXFileReference section */
		357A4A4D2CF7A85000A8C77B /* GitHubProfilesApp.app */ = {isa = PBXFileReference; explicitFileType = wrapper.application; includeInIndex = 0; path = GitHubProfilesApp.app; sourceTree = BUILT_PRODUCTS_DIR; };
		357A4A5F2CF7A85200A8C77B /* GitHubProfilesAppTests.xctest */ = {isa = PBXFileReference; explicitFileType = wrapper.cfbundle; includeInIndex = 0; path = GitHubProfilesAppTests.xctest; sourceTree = BUILT_PRODUCTS_DIR; };
		357A4A692CF7A85200A8C77B /* GitHubProfilesAppUITests.xctest */ = {isa = PBXFileReference; explicitFileType = wrapper.cfbundle; includeInIndex = 0; path = GitHubProfilesAppUITests.xctest; sourceTree = BUILT_PRODUCTS_DIR; };
		35A7C4192CF91B4200D0B887 /* Localizable.xcstrings */ = {isa = PBXFileReference; lastKnownFileType = text.json.xcstrings; path = Localizable.xcstrings; sourceTree = "<group>"; };
/* End PBXFileReference section */

/* Begin PBXFileSystemSynchronizedBuildFileExceptionSet section */
		359A01012CF817AF00E1A9E5 /* Exceptions for "GitHubProfilesApp" folder in "GitHubProfilesApp" target */ = {
			isa = PBXFileSystemSynchronizedBuildFileExceptionSet;
			membershipExceptions = (
				Info.plist,
			);
			target = 357A4A4C2CF7A85000A8C77B /* GitHubProfilesApp */;
		};
/* End PBXFileSystemSynchronizedBuildFileExceptionSet section */

/* Begin PBXFileSystemSynchronizedRootGroup section */
		357A4A4F2CF7A85000A8C77B /* GitHubProfilesApp */ = {
			isa = PBXFileSystemSynchronizedRootGroup;
			exceptions = (
				359A01012CF817AF00E1A9E5 /* Exceptions for "GitHubProfilesApp" folder in "GitHubProfilesApp" target */,
			);
			path = GitHubProfilesApp;
			sourceTree = "<group>";
		};
		357A4A622CF7A85200A8C77B /* GitHubProfilesAppTests */ = {
			isa = PBXFileSystemSynchronizedRootGroup;
			path = GitHubProfilesAppTests;
			sourceTree = "<group>";
		};
		357A4A6C2CF7A85200A8C77B /* GitHubProfilesAppUITests */ = {
			isa = PBXFileSystemSynchronizedRootGroup;
			path = GitHubProfilesAppUITests;
			sourceTree = "<group>";
		};
/* End PBXFileSystemSynchronizedRootGroup section */

/* Begin PBXFrameworksBuildPhase section */
		357A4A4A2CF7A85000A8C77B /* Frameworks */ = {
			isa = PBXFrameworksBuildPhase;
			buildActionMask = 2147483647;
			files = (
			);
			runOnlyForDeploymentPostprocessing = 0;
		};
		357A4A5C2CF7A85200A8C77B /* Frameworks */ = {
			isa = PBXFrameworksBuildPhase;
			buildActionMask = 2147483647;
			files = (
			);
			runOnlyForDeploymentPostprocessing = 0;
		};
		357A4A662CF7A85200A8C77B /* Frameworks */ = {
			isa = PBXFrameworksBuildPhase;
			buildActionMask = 2147483647;
			files = (
			);
			runOnlyForDeploymentPostprocessing = 0;
		};
/* End PBXFrameworksBuildPhase section */

/* Begin PBXGroup section */
		357A4A442CF7A85000A8C77B = {
			isa = PBXGroup;
			children = (
				35A7C4192CF91B4200D0B887 /* Localizable.xcstrings */,
				357A4A4F2CF7A85000A8C77B /* GitHubProfilesApp */,
				357A4A622CF7A85200A8C77B /* GitHubProfilesAppTests */,
				357A4A6C2CF7A85200A8C77B /* GitHubProfilesAppUITests */,
				357A4A4E2CF7A85000A8C77B /* Products */,
			);
			sourceTree = "<group>";
		};
		357A4A4E2CF7A85000A8C77B /* Products */ = {
			isa = PBXGroup;
			children = (
				357A4A4D2CF7A85000A8C77B /* GitHubProfilesApp.app */,
				357A4A5F2CF7A85200A8C77B /* GitHubProfilesAppTests.xctest */,
				357A4A692CF7A85200A8C77B /* GitHubProfilesAppUITests.xctest */,
			);
			name = Products;
			sourceTree = "<group>";
		};
/* End PBXGroup section */

/* Begin PBXNativeTarget section */
		357A4A4C2CF7A85000A8C77B /* GitHubProfilesApp */ = {
			isa = PBXNativeTarget;
			buildConfigurationList = 357A4A732CF7A85200A8C77B /* Build configuration list for PBXNativeTarget "GitHubProfilesApp" */;
			buildPhases = (
				357A4A492CF7A85000A8C77B /* Sources */,
				357A4A4A2CF7A85000A8C77B /* Frameworks */,
				357A4A4B2CF7A85000A8C77B /* Resources */,
			);
			buildRules = (
			);
			dependencies = (
			);
			fileSystemSynchronizedGroups = (
				357A4A4F2CF7A85000A8C77B /* GitHubProfilesApp */,
			);
			name = GitHubProfilesApp;
			packageProductDependencies = (
			);
			productName = GitHubProfilesApp;
			productReference = 357A4A4D2CF7A85000A8C77B /* GitHubProfilesApp.app */;
			productType = "com.apple.product-type.application";
		};
		357A4A5E2CF7A85200A8C77B /* GitHubProfilesAppTests */ = {
			isa = PBXNativeTarget;
			buildConfigurationList = 357A4A762CF7A85200A8C77B /* Build configuration list for PBXNativeTarget "GitHubProfilesAppTests" */;
			buildPhases = (
				357A4A5B2CF7A85200A8C77B /* Sources */,
				357A4A5C2CF7A85200A8C77B /* Frameworks */,
				357A4A5D2CF7A85200A8C77B /* Resources */,
			);
			buildRules = (
			);
			dependencies = (
				357A4A612CF7A85200A8C77B /* PBXTargetDependency */,
			);
			fileSystemSynchronizedGroups = (
				357A4A622CF7A85200A8C77B /* GitHubProfilesAppTests */,
			);
			name = GitHubProfilesAppTests;
			packageProductDependencies = (
			);
			productName = GitHubProfilesAppTests;
			productReference = 357A4A5F2CF7A85200A8C77B /* GitHubProfilesAppTests.xctest */;
			productType = "com.apple.product-type.bundle.unit-test";
		};
		357A4A682CF7A85200A8C77B /* GitHubProfilesAppUITests */ = {
			isa = PBXNativeTarget;
			buildConfigurationList = 357A4A792CF7A85200A8C77B /* Build configuration list for PBXNativeTarget "GitHubProfilesAppUITests" */;
			buildPhases = (
				357A4A652CF7A85200A8C77B /* Sources */,
				357A4A662CF7A85200A8C77B /* Frameworks */,
				357A4A672CF7A85200A8C77B /* Resources */,
			);
			buildRules = (
			);
			dependencies = (
				357A4A6B2CF7A85200A8C77B /* PBXTargetDependency */,
			);
			fileSystemSynchronizedGroups = (
				357A4A6C2CF7A85200A8C77B /* GitHubProfilesAppUITests */,
			);
			name = GitHubProfilesAppUITests;
			packageProductDependencies = (
			);
			productName = GitHubProfilesAppUITests;
			productReference = 357A4A692CF7A85200A8C77B /* GitHubProfilesAppUITests.xctest */;
			productType = "com.apple.product-type.bundle.ui-testing";
		};
/* End PBXNativeTarget section */

/* Begin PBXProject section */
		357A4A452CF7A85000A8C77B /* Project object */ = {
			isa = PBXProject;
			attributes = {
				BuildIndependentTargetsInParallel = 1;
				LastSwiftUpdateCheck = 1610;
				LastUpgradeCheck = 1610;
				TargetAttributes = {
					357A4A4C2CF7A85000A8C77B = {
						CreatedOnToolsVersion = 16.1;
					};
					357A4A5E2CF7A85200A8C77B = {
						CreatedOnToolsVersion = 16.1;
						TestTargetID = 357A4A4C2CF7A85000A8C77B;
					};
					357A4A682CF7A85200A8C77B = {
						CreatedOnToolsVersion = 16.1;
						TestTargetID = 357A4A4C2CF7A85000A8C77B;
					};
				};
			};
			buildConfigurationList = 357A4A482CF7A85000A8C77B /* Build configuration list for PBXProject "GitHubProfilesApp" */;
			developmentRegion = en;
			hasScannedForEncodings = 0;
			knownRegions = (
				en,
				Base,
				es,
			);
			mainGroup = 357A4A442CF7A85000A8C77B;
			minimizedProjectReferenceProxies = 1;
			preferredProjectObjectVersion = 77;
			productRefGroup = 357A4A4E2CF7A85000A8C77B /* Products */;
			projectDirPath = "";
			projectRoot = "";
			targets = (
				357A4A4C2CF7A85000A8C77B /* GitHubProfilesApp */,
				357A4A5E2CF7A85200A8C77B /* GitHubProfilesAppTests */,
				357A4A682CF7A85200A8C77B /* GitHubProfilesAppUITests */,
			);
		};
/* End PBXProject section */

/* Begin PBXResourcesBuildPhase section */
		357A4A4B2CF7A85000A8C77B /* Resources */ = {
			isa = PBXResourcesBuildPhase;
			buildActionMask = 2147483647;
			files = (
				35A7C41A2CF91B4200D0B887 /* Localizable.xcstrings in Resources */,
			);
			runOnlyForDeploymentPostprocessing = 0;
		};
		357A4A5D2CF7A85200A8C77B /* Resources */ = {
			isa = PBXResourcesBuildPhase;
			buildActionMask = 2147483647;
			files = (
			);
			runOnlyForDeploymentPostprocessing = 0;
		};
		357A4A672CF7A85200A8C77B /* Resources */ = {
			isa = PBXResourcesBuildPhase;
			buildActionMask = 2147483647;
			files = (
			);
			runOnlyForDeploymentPostprocessing = 0;
		};
/* End PBXResourcesBuildPhase section */

/* Begin PBXSourcesBuildPhase section */
		357A4A492CF7A85000A8C77B /* Sources */ = {
			isa = PBXSourcesBuildPhase;
			buildActionMask = 2147483647;
			files = (
			);
			runOnlyForDeploymentPostprocessing = 0;
		};
		357A4A5B2CF7A85200A8C77B /* Sources */ = {
			isa = PBXSourcesBuildPhase;
			buildActionMask = 2147483647;
			files = (
			);
			runOnlyForDeploymentPostprocessing = 0;
		};
		357A4A652CF7A85200A8C77B /* Sources */ = {
			isa = PBXSourcesBuildPhase;
			buildActionMask = 2147483647;
			files = (
			);
			runOnlyForDeploymentPostprocessing = 0;
		};
/* End PBXSourcesBuildPhase section */

/* Begin PBXTargetDependency section */
		357A4A612CF7A85200A8C77B /* PBXTargetDependency */ = {
			isa = PBXTargetDependency;
			target = 357A4A4C2CF7A85000A8C77B /* GitHubProfilesApp */;
			targetProxy = 357A4A602CF7A85200A8C77B /* PBXContainerItemProxy */;
		};
		357A4A6B2CF7A85200A8C77B /* PBXTargetDependency */ = {
			isa = PBXTargetDependency;
			target = 357A4A4C2CF7A85000A8C77B /* GitHubProfilesApp */;
			targetProxy = 357A4A6A2CF7A85200A8C77B /* PBXContainerItemProxy */;
		};
/* End PBXTargetDependency section */

/* Begin XCBuildConfiguration section */
		357A4A712CF7A85200A8C77B /* Debug */ = {
			isa = XCBuildConfiguration;
			buildSettings = {
				ALWAYS_SEARCH_USER_PATHS = NO;
				ASSETCATALOG_COMPILER_GENERATE_SWIFT_ASSET_SYMBOL_EXTENSIONS = YES;
				CLANG_ANALYZER_NONNULL = YES;
				CLANG_ANALYZER_NUMBER_OBJECT_CONVERSION = YES_AGGRESSIVE;
				CLANG_CXX_LANGUAGE_STANDARD = "gnu++20";
				CLANG_ENABLE_MODULES = YES;
				CLANG_ENABLE_OBJC_ARC = YES;
				CLANG_ENABLE_OBJC_WEAK = YES;
				CLANG_WARN_BLOCK_CAPTURE_AUTORELEASING = YES;
				CLANG_WARN_BOOL_CONVERSION = YES;
				CLANG_WARN_COMMA = YES;
				CLANG_WARN_CONSTANT_CONVERSION = YES;
				CLANG_WARN_DEPRECATED_OBJC_IMPLEMENTATIONS = YES;
				CLANG_WARN_DIRECT_OBJC_ISA_USAGE = YES_ERROR;
				CLANG_WARN_DOCUMENTATION_COMMENTS = YES;
				CLANG_WARN_EMPTY_BODY = YES;
				CLANG_WARN_ENUM_CONVERSION = YES;
				CLANG_WARN_INFINITE_RECURSION = YES;
				CLANG_WARN_INT_CONVERSION = YES;
				CLANG_WARN_NON_LITERAL_NULL_CONVERSION = YES;
				CLANG_WARN_OBJC_IMPLICIT_RETAIN_SELF = YES;
				CLANG_WARN_OBJC_LITERAL_CONVERSION = YES;
				CLANG_WARN_OBJC_ROOT_CLASS = YES_ERROR;
				CLANG_WARN_QUOTED_INCLUDE_IN_FRAMEWORK_HEADER = YES;
				CLANG_WARN_RANGE_LOOP_ANALYSIS = YES;
				CLANG_WARN_STRICT_PROTOTYPES = YES;
				CLANG_WARN_SUSPICIOUS_MOVE = YES;
				CLANG_WARN_UNGUARDED_AVAILABILITY = YES_AGGRESSIVE;
				CLANG_WARN_UNREACHABLE_CODE = YES;
				CLANG_WARN__DUPLICATE_METHOD_MATCH = YES;
				COPY_PHASE_STRIP = NO;
				DEBUG_INFORMATION_FORMAT = dwarf;
				ENABLE_STRICT_OBJC_MSGSEND = YES;
				ENABLE_TESTABILITY = YES;
				ENABLE_USER_SCRIPT_SANDBOXING = YES;
				GCC_C_LANGUAGE_STANDARD = gnu17;
				GCC_DYNAMIC_NO_PIC = NO;
				GCC_NO_COMMON_BLOCKS = YES;
				GCC_OPTIMIZATION_LEVEL = 0;
				GCC_PREPROCESSOR_DEFINITIONS = (
					"DEBUG=1",
					"$(inherited)",
				);
				GCC_WARN_64_TO_32_BIT_CONVERSION = YES;
				GCC_WARN_ABOUT_RETURN_TYPE = YES_ERROR;
				GCC_WARN_UNDECLARED_SELECTOR = YES;
				GCC_WARN_UNINITIALIZED_AUTOS = YES_AGGRESSIVE;
				GCC_WARN_UNUSED_FUNCTION = YES;
				GCC_WARN_UNUSED_VARIABLE = YES;
				IPHONEOS_DEPLOYMENT_TARGET = 18.1;
				LOCALIZATION_PREFERS_STRING_CATALOGS = YES;
				MTL_ENABLE_DEBUG_INFO = INCLUDE_SOURCE;
				MTL_FAST_MATH = YES;
				ONLY_ACTIVE_ARCH = YES;
				SDKROOT = iphoneos;
				SWIFT_ACTIVE_COMPILATION_CONDITIONS = "DEBUG $(inherited)";
				SWIFT_EMIT_LOC_STRINGS = YES;
				SWIFT_OPTIMIZATION_LEVEL = "-Onone";
			};
			name = Debug;
		};
		357A4A722CF7A85200A8C77B /* Release */ = {
			isa = XCBuildConfiguration;
			buildSettings = {
				ALWAYS_SEARCH_USER_PATHS = NO;
				ASSETCATALOG_COMPILER_GENERATE_SWIFT_ASSET_SYMBOL_EXTENSIONS = YES;
				CLANG_ANALYZER_NONNULL = YES;
				CLANG_ANALYZER_NUMBER_OBJECT_CONVERSION = YES_AGGRESSIVE;
				CLANG_CXX_LANGUAGE_STANDARD = "gnu++20";
				CLANG_ENABLE_MODULES = YES;
				CLANG_ENABLE_OBJC_ARC = YES;
				CLANG_ENABLE_OBJC_WEAK = YES;
				CLANG_WARN_BLOCK_CAPTURE_AUTORELEASING = YES;
				CLANG_WARN_BOOL_CONVERSION = YES;
				CLANG_WARN_COMMA = YES;
				CLANG_WARN_CONSTANT_CONVERSION = YES;
				CLANG_WARN_DEPRECATED_OBJC_IMPLEMENTATIONS = YES;
				CLANG_WARN_DIRECT_OBJC_ISA_USAGE = YES_ERROR;
				CLANG_WARN_DOCUMENTATION_COMMENTS = YES;
				CLANG_WARN_EMPTY_BODY = YES;
				CLANG_WARN_ENUM_CONVERSION = YES;
				CLANG_WARN_INFINITE_RECURSION = YES;
				CLANG_WARN_INT_CONVERSION = YES;
				CLANG_WARN_NON_LITERAL_NULL_CONVERSION = YES;
				CLANG_WARN_OBJC_IMPLICIT_RETAIN_SELF = YES;
				CLANG_WARN_OBJC_LITERAL_CONVERSION = YES;
				CLANG_WARN_OBJC_ROOT_CLASS = YES_ERROR;
				CLANG_WARN_QUOTED_INCLUDE_IN_FRAMEWORK_HEADER = YES;
				CLANG_WARN_RANGE_LOOP_ANALYSIS = YES;
				CLANG_WARN_STRICT_PROTOTYPES = YES;
				CLANG_WARN_SUSPICIOUS_MOVE = YES;
				CLANG_WARN_UNGUARDED_AVAILABILITY = YES_AGGRESSIVE;
				CLANG_WARN_UNREACHABLE_CODE = YES;
				CLANG_WARN__DUPLICATE_METHOD_MATCH = YES;
				COPY_PHASE_STRIP = NO;
				DEBUG_INFORMATION_FORMAT = "dwarf-with-dsym";
				ENABLE_NS_ASSERTIONS = NO;
				ENABLE_STRICT_OBJC_MSGSEND = YES;
				ENABLE_USER_SCRIPT_SANDBOXING = YES;
				GCC_C_LANGUAGE_STANDARD = gnu17;
				GCC_NO_COMMON_BLOCKS = YES;
				GCC_WARN_64_TO_32_BIT_CONVERSION = YES;
				GCC_WARN_ABOUT_RETURN_TYPE = YES_ERROR;
				GCC_WARN_UNDECLARED_SELECTOR = YES;
				GCC_WARN_UNINITIALIZED_AUTOS = YES_AGGRESSIVE;
				GCC_WARN_UNUSED_FUNCTION = YES;
				GCC_WARN_UNUSED_VARIABLE = YES;
				IPHONEOS_DEPLOYMENT_TARGET = 18.1;
				LOCALIZATION_PREFERS_STRING_CATALOGS = YES;
				MTL_ENABLE_DEBUG_INFO = NO;
				MTL_FAST_MATH = YES;
				SDKROOT = iphoneos;
				SWIFT_COMPILATION_MODE = wholemodule;
				SWIFT_EMIT_LOC_STRINGS = YES;
				VALIDATE_PRODUCT = YES;
			};
			name = Release;
		};
		357A4A742CF7A85200A8C77B /* Debug */ = {
			isa = XCBuildConfiguration;
			buildSettings = {
				ASSETCATALOG_COMPILER_APPICON_NAME = AppIcon;
				ASSETCATALOG_COMPILER_GLOBAL_ACCENT_COLOR_NAME = AccentColor;
				CODE_SIGN_STYLE = Automatic;
				CURRENT_PROJECT_VERSION = 1;
				DEVELOPMENT_ASSET_PATHS = "\"GitHubProfilesApp/Preview Content\"";
				ENABLE_PREVIEWS = YES;
				GENERATE_INFOPLIST_FILE = YES;
				INFOPLIST_FILE = GitHubProfilesApp/Info.plist;
				INFOPLIST_KEY_UIApplicationSceneManifest_Generation = YES;
				INFOPLIST_KEY_UIApplicationSupportsIndirectInputEvents = YES;
				INFOPLIST_KEY_UILaunchScreen_Generation = YES;
				INFOPLIST_KEY_UISupportedInterfaceOrientations_iPad = "UIInterfaceOrientationPortrait UIInterfaceOrientationPortraitUpsideDown UIInterfaceOrientationLandscapeLeft UIInterfaceOrientationLandscapeRight";
				INFOPLIST_KEY_UISupportedInterfaceOrientations_iPhone = "UIInterfaceOrientationPortrait UIInterfaceOrientationLandscapeLeft UIInterfaceOrientationLandscapeRight";
				LD_RUNPATH_SEARCH_PATHS = (
					"$(inherited)",
					"@executable_path/Frameworks",
				);
				MARKETING_VERSION = 1.0;
				PRODUCT_BUNDLE_IDENTIFIER = com.gerhardrvv.GitHubProfilesApp;
				PRODUCT_NAME = "$(TARGET_NAME)";
				SWIFT_EMIT_LOC_STRINGS = YES;
				SWIFT_VERSION = 5.0;
				TARGETED_DEVICE_FAMILY = "1,2";
			};
			name = Debug;
		};
		357A4A752CF7A85200A8C77B /* Release */ = {
			isa = XCBuildConfiguration;
			buildSettings = {
				ASSETCATALOG_COMPILER_APPICON_NAME = AppIcon;
				ASSETCATALOG_COMPILER_GLOBAL_ACCENT_COLOR_NAME = AccentColor;
				CODE_SIGN_STYLE = Automatic;
				CURRENT_PROJECT_VERSION = 1;
				DEVELOPMENT_ASSET_PATHS = "\"GitHubProfilesApp/Preview Content\"";
				ENABLE_PREVIEWS = YES;
				GENERATE_INFOPLIST_FILE = YES;
				INFOPLIST_FILE = GitHubProfilesApp/Info.plist;
				INFOPLIST_KEY_UIApplicationSceneManifest_Generation = YES;
				INFOPLIST_KEY_UIApplicationSupportsIndirectInputEvents = YES;
				INFOPLIST_KEY_UILaunchScreen_Generation = YES;
				INFOPLIST_KEY_UISupportedInterfaceOrientations_iPad = "UIInterfaceOrientationPortrait UIInterfaceOrientationPortraitUpsideDown UIInterfaceOrientationLandscapeLeft UIInterfaceOrientationLandscapeRight";
				INFOPLIST_KEY_UISupportedInterfaceOrientations_iPhone = "UIInterfaceOrientationPortrait UIInterfaceOrientationLandscapeLeft UIInterfaceOrientationLandscapeRight";
				LD_RUNPATH_SEARCH_PATHS = (
					"$(inherited)",
					"@executable_path/Frameworks",
				);
				MARKETING_VERSION = 1.0;
				PRODUCT_BUNDLE_IDENTIFIER = com.gerhardrvv.GitHubProfilesApp;
				PRODUCT_NAME = "$(TARGET_NAME)";
				SWIFT_EMIT_LOC_STRINGS = YES;
				SWIFT_VERSION = 5.0;
				TARGETED_DEVICE_FAMILY = "1,2";
			};
			name = Release;
		};
		357A4A772CF7A85200A8C77B /* Debug */ = {
			isa = XCBuildConfiguration;
			buildSettings = {
				BUNDLE_LOADER = "$(TEST_HOST)";
				CODE_SIGN_STYLE = Automatic;
				CURRENT_PROJECT_VERSION = 1;
				GENERATE_INFOPLIST_FILE = YES;
				IPHONEOS_DEPLOYMENT_TARGET = 18.1;
				MARKETING_VERSION = 1.0;
				PRODUCT_BUNDLE_IDENTIFIER = com.gerhardrvv.GitHubProfilesAppTests;
				PRODUCT_NAME = "$(TARGET_NAME)";
				SWIFT_EMIT_LOC_STRINGS = NO;
				SWIFT_VERSION = 5.0;
				TARGETED_DEVICE_FAMILY = "1,2";
				TEST_HOST = "$(BUILT_PRODUCTS_DIR)/GitHubProfilesApp.app/$(BUNDLE_EXECUTABLE_FOLDER_PATH)/GitHubProfilesApp";
			};
			name = Debug;
		};
		357A4A782CF7A85200A8C77B /* Release */ = {
			isa = XCBuildConfiguration;
			buildSettings = {
				BUNDLE_LOADER = "$(TEST_HOST)";
				CODE_SIGN_STYLE = Automatic;
				CURRENT_PROJECT_VERSION = 1;
				GENERATE_INFOPLIST_FILE = YES;
				IPHONEOS_DEPLOYMENT_TARGET = 18.1;
				MARKETING_VERSION = 1.0;
				PRODUCT_BUNDLE_IDENTIFIER = com.gerhardrvv.GitHubProfilesAppTests;
				PRODUCT_NAME = "$(TARGET_NAME)";
				SWIFT_EMIT_LOC_STRINGS = NO;
				SWIFT_VERSION = 5.0;
				TARGETED_DEVICE_FAMILY = "1,2";
				TEST_HOST = "$(BUILT_PRODUCTS_DIR)/GitHubProfilesApp.app/$(BUNDLE_EXECUTABLE_FOLDER_PATH)/GitHubProfilesApp";
			};
			name = Release;
		};
		357A4A7A2CF7A85200A8C77B /* Debug */ = {
			isa = XCBuildConfiguration;
			buildSettings = {
				CODE_SIGN_STYLE = Automatic;
				CURRENT_PROJECT_VERSION = 1;
				GENERATE_INFOPLIST_FILE = YES;
				MARKETING_VERSION = 1.0;
				PRODUCT_BUNDLE_IDENTIFIER = com.gerhardrvv.GitHubProfilesAppUITests;
				PRODUCT_NAME = "$(TARGET_NAME)";
				SWIFT_EMIT_LOC_STRINGS = NO;
				SWIFT_VERSION = 5.0;
				TARGETED_DEVICE_FAMILY = "1,2";
				TEST_TARGET_NAME = GitHubProfilesApp;
			};
			name = Debug;
		};
		357A4A7B2CF7A85200A8C77B /* Release */ = {
			isa = XCBuildConfiguration;
			buildSettings = {
				CODE_SIGN_STYLE = Automatic;
				CURRENT_PROJECT_VERSION = 1;
				GENERATE_INFOPLIST_FILE = YES;
				MARKETING_VERSION = 1.0;
				PRODUCT_BUNDLE_IDENTIFIER = com.gerhardrvv.GitHubProfilesAppUITests;
				PRODUCT_NAME = "$(TARGET_NAME)";
				SWIFT_EMIT_LOC_STRINGS = NO;
				SWIFT_VERSION = 5.0;
				TARGETED_DEVICE_FAMILY = "1,2";
				TEST_TARGET_NAME = GitHubProfilesApp;
			};
			name = Release;
		};
/* End XCBuildConfiguration section */

/* Begin XCConfigurationList section */
		357A4A482CF7A85000A8C77B /* Build configuration list for PBXProject "GitHubProfilesApp" */ = {
			isa = XCConfigurationList;
			buildConfigurations = (
				357A4A712CF7A85200A8C77B /* Debug */,
				357A4A722CF7A85200A8C77B /* Release */,
			);
			defaultConfigurationIsVisible = 0;
			defaultConfigurationName = Release;
		};
		357A4A732CF7A85200A8C77B /* Build configuration list for PBXNativeTarget "GitHubProfilesApp" */ = {
			isa = XCConfigurationList;
			buildConfigurations = (
				357A4A742CF7A85200A8C77B /* Debug */,
				357A4A752CF7A85200A8C77B /* Release */,
			);
			defaultConfigurationIsVisible = 0;
			defaultConfigurationName = Release;
		};
		357A4A762CF7A85200A8C77B /* Build configuration list for PBXNativeTarget "GitHubProfilesAppTests" */ = {
			isa = XCConfigurationList;
			buildConfigurations = (
				357A4A772CF7A85200A8C77B /* Debug */,
				357A4A782CF7A85200A8C77B /* Release */,
			);
			defaultConfigurationIsVisible = 0;
			defaultConfigurationName = Release;
		};
		357A4A792CF7A85200A8C77B /* Build configuration list for PBXNativeTarget "GitHubProfilesAppUITests" */ = {
			isa = XCConfigurationList;
			buildConfigurations = (
				357A4A7A2CF7A85200A8C77B /* Debug */,
				357A4A7B2CF7A85200A8C77B /* Release */,
			);
			defaultConfigurationIsVisible = 0;
			defaultConfigurationName = Release;
		};
/* End XCConfigurationList section */
	};
	rootObject = 357A4A452CF7A85000A8C77B /* Project object */;
}
